// !$*UTF8*$!
{
	archiveVersion = 1;
	classes = {
	};
	objectVersion = 46;
	objects = {

/* Begin PBXBuildFile section */
		F90C92A31B8100F7009669E6 /* Repo.swift in Sources */ = {isa = PBXBuildFile; fileRef = F90C92A21B8100F7009669E6 /* Repo.swift */; };
		F92C2EA01B81849100846566 /* UserInfoTableViewCell.swift in Sources */ = {isa = PBXBuildFile; fileRef = F92C2E9F1B81849100846566 /* UserInfoTableViewCell.swift */; };
		F92C2EA21B818E2D00846566 /* Extensions.swift in Sources */ = {isa = PBXBuildFile; fileRef = F92C2EA11B818E2D00846566 /* Extensions.swift */; };
		F92C2EA41B819B0300846566 /* RepoViewController.swift in Sources */ = {isa = PBXBuildFile; fileRef = F92C2EA31B819B0300846566 /* RepoViewController.swift */; };
		F92C2EA61B81B9BD00846566 /* RepoTableViewCell.swift in Sources */ = {isa = PBXBuildFile; fileRef = F92C2EA51B81B9BD00846566 /* RepoTableViewCell.swift */; };
		F92C2EA81B81C8B400846566 /* SearchViewController.swift in Sources */ = {isa = PBXBuildFile; fileRef = F92C2EA71B81C8B400846566 /* SearchViewController.swift */; };
		F9401CA31B807423003FFD42 /* AppDelegate.swift in Sources */ = {isa = PBXBuildFile; fileRef = F9401CA21B807423003FFD42 /* AppDelegate.swift */; };
		F9401CA51B807423003FFD42 /* ProfileViewController.swift in Sources */ = {isa = PBXBuildFile; fileRef = F9401CA41B807423003FFD42 /* ProfileViewController.swift */; };
		F9401CA81B807423003FFD42 /* Main.storyboard in Resources */ = {isa = PBXBuildFile; fileRef = F9401CA61B807423003FFD42 /* Main.storyboard */; };
		F9401CAA1B807423003FFD42 /* Assets.xcassets in Resources */ = {isa = PBXBuildFile; fileRef = F9401CA91B807423003FFD42 /* Assets.xcassets */; };
		F9401CAD1B807423003FFD42 /* LaunchScreen.xib in Resources */ = {isa = PBXBuildFile; fileRef = F9401CAB1B807423003FFD42 /* LaunchScreen.xib */; };
		F9401CB91B807423003FFD42 /* URLs_Tests.swift in Sources */ = {isa = PBXBuildFile; fileRef = F9401CB81B807423003FFD42 /* URLs_Tests.swift */; };
		F9401CC41B80745F003FFD42 /* DataManager.swift in Sources */ = {isa = PBXBuildFile; fileRef = F9401CC31B80745F003FFD42 /* DataManager.swift */; };
		F9401CC71B8078F4003FFD42 /* User.swift in Sources */ = {isa = PBXBuildFile; fileRef = F9401CC61B8078F4003FFD42 /* User.swift */; };
		F94F3E451B8E1C3F005DA695 /* CommitsViewController.swift in Sources */ = {isa = PBXBuildFile; fileRef = F94F3E441B8E1C3F005DA695 /* CommitsViewController.swift */; };
		F951A28D1F9D11AA007795D5 /* HTTPManager.swift in Sources */ = {isa = PBXBuildFile; fileRef = F9DDA72C1B85ABE2003B3C66 /* HTTPManager.swift */; };
		F99B72181F9D5E77003A8DDF /* Extensions.swift in Sources */ = {isa = PBXBuildFile; fileRef = F92C2EA11B818E2D00846566 /* Extensions.swift */; };
		F9A4CE9B1FA284C4000AAF5D /* Extensions+iOS.swift in Sources */ = {isa = PBXBuildFile; fileRef = F9A4CE9A1FA284C4000AAF5D /* Extensions+iOS.swift */; };
		F9A4CE9D1FA51B11000AAF5D /* File.swift in Sources */ = {isa = PBXBuildFile; fileRef = F9A4CE9C1FA51B11000AAF5D /* File.swift */; };
		F9B7FC571FA66DCE00CE4F37 /* Markdown.swift in Sources */ = {isa = PBXBuildFile; fileRef = F9B7FC561FA66DCE00CE4F37 /* Markdown.swift */; };
		F9DDA72D1B85ABE2003B3C66 /* HTTPManager.swift in Sources */ = {isa = PBXBuildFile; fileRef = F9DDA72C1B85ABE2003B3C66 /* HTTPManager.swift */; };
		F9E9790F1B8DA39B0083211E /* Commit.swift in Sources */ = {isa = PBXBuildFile; fileRef = F9E9790E1B8DA39B0083211E /* Commit.swift */; };
		F9FA94071B892AC200C598C8 /* BranchesViewController.swift in Sources */ = {isa = PBXBuildFile; fileRef = F9FA94061B892AC200C598C8 /* BranchesViewController.swift */; };
		F9FA94091B892DE300C598C8 /* Branch.swift in Sources */ = {isa = PBXBuildFile; fileRef = F9FA94081B892DE300C598C8 /* Branch.swift */; };
/* End PBXBuildFile section */

/* Begin PBXContainerItemProxy section */
		F9401CB31B807423003FFD42 /* PBXContainerItemProxy */ = {
			isa = PBXContainerItemProxy;
			containerPortal = F9401C951B807423003FFD42 /* Project object */;
			proxyType = 1;
			remoteGlobalIDString = F9401C9C1B807423003FFD42;
			remoteInfo = "GitHub User Profile";
		};
/* End PBXContainerItemProxy section */

/* Begin PBXFileReference section */
		F90C92A21B8100F7009669E6 /* Repo.swift */ = {isa = PBXFileReference; fileEncoding = 4; lastKnownFileType = sourcecode.swift; path = Repo.swift; sourceTree = "<group>"; };
		F92C2E9F1B81849100846566 /* UserInfoTableViewCell.swift */ = {isa = PBXFileReference; fileEncoding = 4; lastKnownFileType = sourcecode.swift; path = UserInfoTableViewCell.swift; sourceTree = "<group>"; };
		F92C2EA11B818E2D00846566 /* Extensions.swift */ = {isa = PBXFileReference; fileEncoding = 4; lastKnownFileType = sourcecode.swift; path = Extensions.swift; sourceTree = "<group>"; };
		F92C2EA31B819B0300846566 /* RepoViewController.swift */ = {isa = PBXFileReference; fileEncoding = 4; lastKnownFileType = sourcecode.swift; path = RepoViewController.swift; sourceTree = "<group>"; };
		F92C2EA51B81B9BD00846566 /* RepoTableViewCell.swift */ = {isa = PBXFileReference; fileEncoding = 4; lastKnownFileType = sourcecode.swift; path = RepoTableViewCell.swift; sourceTree = "<group>"; };
		F92C2EA71B81C8B400846566 /* SearchViewController.swift */ = {isa = PBXFileReference; fileEncoding = 4; lastKnownFileType = sourcecode.swift; path = SearchViewController.swift; sourceTree = "<group>"; };
		F9401C9D1B807423003FFD42 /* GitHub iOS.app */ = {isa = PBXFileReference; explicitFileType = wrapper.application; includeInIndex = 0; path = "GitHub iOS.app"; sourceTree = BUILT_PRODUCTS_DIR; };
		F9401CA11B807423003FFD42 /* Info.plist */ = {isa = PBXFileReference; lastKnownFileType = text.plist.xml; path = Info.plist; sourceTree = "<group>"; };
		F9401CA21B807423003FFD42 /* AppDelegate.swift */ = {isa = PBXFileReference; lastKnownFileType = sourcecode.swift; path = AppDelegate.swift; sourceTree = "<group>"; };
		F9401CA41B807423003FFD42 /* ProfileViewController.swift */ = {isa = PBXFileReference; lastKnownFileType = sourcecode.swift; path = ProfileViewController.swift; sourceTree = "<group>"; };
		F9401CA71B807423003FFD42 /* Base */ = {isa = PBXFileReference; lastKnownFileType = file.storyboard; name = Base; path = Base.lproj/Main.storyboard; sourceTree = "<group>"; };
		F9401CA91B807423003FFD42 /* Assets.xcassets */ = {isa = PBXFileReference; lastKnownFileType = folder.assetcatalog; path = Assets.xcassets; sourceTree = "<group>"; };
		F9401CAC1B807423003FFD42 /* Base */ = {isa = PBXFileReference; lastKnownFileType = file.xib; name = Base; path = Base.lproj/LaunchScreen.xib; sourceTree = "<group>"; };
		F9401CB21B807423003FFD42 /* GitHub UnitTests.xctest */ = {isa = PBXFileReference; explicitFileType = wrapper.cfbundle; includeInIndex = 0; path = "GitHub UnitTests.xctest"; sourceTree = BUILT_PRODUCTS_DIR; };
		F9401CB71B807423003FFD42 /* Info.plist */ = {isa = PBXFileReference; lastKnownFileType = text.plist.xml; path = Info.plist; sourceTree = "<group>"; };
		F9401CB81B807423003FFD42 /* URLs_Tests.swift */ = {isa = PBXFileReference; lastKnownFileType = sourcecode.swift; path = URLs_Tests.swift; sourceTree = "<group>"; };
		F9401CC31B80745F003FFD42 /* DataManager.swift */ = {isa = PBXFileReference; fileEncoding = 4; lastKnownFileType = sourcecode.swift; path = DataManager.swift; sourceTree = "<group>"; };
		F9401CC61B8078F4003FFD42 /* User.swift */ = {isa = PBXFileReference; fileEncoding = 4; lastKnownFileType = sourcecode.swift; path = User.swift; sourceTree = "<group>"; };
		F94F3E441B8E1C3F005DA695 /* CommitsViewController.swift */ = {isa = PBXFileReference; fileEncoding = 4; lastKnownFileType = sourcecode.swift; path = CommitsViewController.swift; sourceTree = "<group>"; };
		F9A4CE9A1FA284C4000AAF5D /* Extensions+iOS.swift */ = {isa = PBXFileReference; lastKnownFileType = sourcecode.swift; path = "Extensions+iOS.swift"; sourceTree = "<group>"; };
		F9A4CE9C1FA51B11000AAF5D /* File.swift */ = {isa = PBXFileReference; lastKnownFileType = sourcecode.swift; path = File.swift; sourceTree = "<group>"; };
		F9B7FC561FA66DCE00CE4F37 /* Markdown.swift */ = {isa = PBXFileReference; lastKnownFileType = sourcecode.swift; path = Markdown.swift; sourceTree = "<group>"; };
		F9DDA72C1B85ABE2003B3C66 /* HTTPManager.swift */ = {isa = PBXFileReference; fileEncoding = 4; lastKnownFileType = sourcecode.swift; path = HTTPManager.swift; sourceTree = "<group>"; };
		F9E9790E1B8DA39B0083211E /* Commit.swift */ = {isa = PBXFileReference; fileEncoding = 4; lastKnownFileType = sourcecode.swift; path = Commit.swift; sourceTree = "<group>"; };
		F9FA94061B892AC200C598C8 /* BranchesViewController.swift */ = {isa = PBXFileReference; fileEncoding = 4; lastKnownFileType = sourcecode.swift; path = BranchesViewController.swift; sourceTree = "<group>"; };
		F9FA94081B892DE300C598C8 /* Branch.swift */ = {isa = PBXFileReference; fileEncoding = 4; lastKnownFileType = sourcecode.swift; path = Branch.swift; sourceTree = "<group>"; };
/* End PBXFileReference section */

/* Begin PBXFrameworksBuildPhase section */
		F9401C9A1B807423003FFD42 /* Frameworks */ = {
			isa = PBXFrameworksBuildPhase;
			buildActionMask = 2147483647;
			files = (
			);
			runOnlyForDeploymentPostprocessing = 0;
		};
		F9401CAF1B807423003FFD42 /* Frameworks */ = {
			isa = PBXFrameworksBuildPhase;
			buildActionMask = 2147483647;
			files = (
			);
			runOnlyForDeploymentPostprocessing = 0;
		};
/* End PBXFrameworksBuildPhase section */

/* Begin PBXGroup section */
		F92C2E9E1B81839000846566 /* Views */ = {
			isa = PBXGroup;
			children = (
				F92C2E9F1B81849100846566 /* UserInfoTableViewCell.swift */,
				F9B4B3F51B8C3F24004A6BFD /* Repo Cells */,
			);
			path = Views;
			sourceTree = "<group>";
		};
		F9401C941B807423003FFD42 = {
			isa = PBXGroup;
			children = (
				F98C48971FA27C6F00F8DC5A /* Shared */,
				F9401C9F1B807423003FFD42 /* iOS */,
				F9401CB51B807423003FFD42 /* UnitTests */,
				F9401C9E1B807423003FFD42 /* Products */,
			);
			sourceTree = "<group>";
		};
		F9401C9E1B807423003FFD42 /* Products */ = {
			isa = PBXGroup;
			children = (
				F9401C9D1B807423003FFD42 /* GitHub iOS.app */,
				F9401CB21B807423003FFD42 /* GitHub UnitTests.xctest */,
			);
			name = Products;
			sourceTree = "<group>";
		};
		F9401C9F1B807423003FFD42 /* iOS */ = {
			isa = PBXGroup;
			children = (
				F9401CA21B807423003FFD42 /* AppDelegate.swift */,
				F92C2E9E1B81839000846566 /* Views */,
				F9FA94041B892A5D00C598C8 /* ViewControllers */,
				F9401CA61B807423003FFD42 /* Main.storyboard */,
				F9401CA91B807423003FFD42 /* Assets.xcassets */,
				F9401CAB1B807423003FFD42 /* LaunchScreen.xib */,
				F9401CA11B807423003FFD42 /* Info.plist */,
				F9A4CE991FA284B3000AAF5D /* Helpers */,
			);
			path = iOS;
			sourceTree = "<group>";
		};
		F9401CB51B807423003FFD42 /* UnitTests */ = {
			isa = PBXGroup;
			children = (
				F9401CB81B807423003FFD42 /* URLs_Tests.swift */,
				F9401CB71B807423003FFD42 /* Info.plist */,
			);
			path = UnitTests;
			sourceTree = "<group>";
		};
		F9401CC21B807439003FFD42 /* Helpers */ = {
			isa = PBXGroup;
			children = (
				F9401CC31B80745F003FFD42 /* DataManager.swift */,
				F9DDA72C1B85ABE2003B3C66 /* HTTPManager.swift */,
				F92C2EA11B818E2D00846566 /* Extensions.swift */,
			);
			path = Helpers;
			sourceTree = "<group>";
		};
		F9401CC51B8078E0003FFD42 /* Models */ = {
			isa = PBXGroup;
			children = (
				F9401CC61B8078F4003FFD42 /* User.swift */,
				F90C92A21B8100F7009669E6 /* Repo.swift */,
				F9FA94081B892DE300C598C8 /* Branch.swift */,
				F9E9790E1B8DA39B0083211E /* Commit.swift */,
				F9A4CE9C1FA51B11000AAF5D /* File.swift */,
				F9B7FC561FA66DCE00CE4F37 /* Markdown.swift */,
			);
			path = Models;
			sourceTree = "<group>";
		};
		F98C48971FA27C6F00F8DC5A /* Shared */ = {
			isa = PBXGroup;
			children = (
				F9401CC51B8078E0003FFD42 /* Models */,
				F9401CC21B807439003FFD42 /* Helpers */,
			);
			path = Shared;
			sourceTree = "<group>";
		};
		F98C48A61FA282C700F8DC5A /* Profile */ = {
			isa = PBXGroup;
			children = (
				F9401CA41B807423003FFD42 /* ProfileViewController.swift */,
				F92C2EA71B81C8B400846566 /* SearchViewController.swift */,
			);
			path = Profile;
			sourceTree = "<group>";
		};
		F9A4CE991FA284B3000AAF5D /* Helpers */ = {
			isa = PBXGroup;
			children = (
				F9A4CE9A1FA284C4000AAF5D /* Extensions+iOS.swift */,
			);
			path = Helpers;
			sourceTree = "<group>";
		};
		F9B4B3F51B8C3F24004A6BFD /* Repo Cells */ = {
			isa = PBXGroup;
			children = (
				F92C2EA51B81B9BD00846566 /* RepoTableViewCell.swift */,
			);
			path = "Repo Cells";
			sourceTree = "<group>";
		};
		F9FA94041B892A5D00C598C8 /* ViewControllers */ = {
			isa = PBXGroup;
			children = (
				F98C48A61FA282C700F8DC5A /* Profile */,
				F9FA94051B892A7F00C598C8 /* Repo */,
			);
			path = ViewControllers;
			sourceTree = "<group>";
		};
		F9FA94051B892A7F00C598C8 /* Repo */ = {
			isa = PBXGroup;
			children = (
				F92C2EA31B819B0300846566 /* RepoViewController.swift */,
				F9FA94061B892AC200C598C8 /* BranchesViewController.swift */,
				F94F3E441B8E1C3F005DA695 /* CommitsViewController.swift */,
			);
			path = Repo;
			sourceTree = "<group>";
		};
/* End PBXGroup section */

/* Begin PBXNativeTarget section */
		F9401C9C1B807423003FFD42 /* GitHub iOS */ = {
			isa = PBXNativeTarget;
			buildConfigurationList = F9401CBC1B807423003FFD42 /* Build configuration list for PBXNativeTarget "GitHub iOS" */;
			buildPhases = (
				F9401C991B807423003FFD42 /* Sources */,
				F9401C9A1B807423003FFD42 /* Frameworks */,
				F9401C9B1B807423003FFD42 /* Resources */,
			);
			buildRules = (
			);
			dependencies = (
			);
			name = "GitHub iOS";
			productName = "GitHub User Profile";
			productReference = F9401C9D1B807423003FFD42 /* GitHub iOS.app */;
			productType = "com.apple.product-type.application";
		};
		F9401CB11B807423003FFD42 /* GitHub UnitTests */ = {
			isa = PBXNativeTarget;
			buildConfigurationList = F9401CBF1B807423003FFD42 /* Build configuration list for PBXNativeTarget "GitHub UnitTests" */;
			buildPhases = (
				F9401CAE1B807423003FFD42 /* Sources */,
				F9401CAF1B807423003FFD42 /* Frameworks */,
				F9401CB01B807423003FFD42 /* Resources */,
			);
			buildRules = (
			);
			dependencies = (
				F9401CB41B807423003FFD42 /* PBXTargetDependency */,
			);
			name = "GitHub UnitTests";
			productName = "GitHub User ProfileTests";
			productReference = F9401CB21B807423003FFD42 /* GitHub UnitTests.xctest */;
			productType = "com.apple.product-type.bundle.unit-test";
		};
/* End PBXNativeTarget section */

/* Begin PBXProject section */
		F9401C951B807423003FFD42 /* Project object */ = {
			isa = PBXProject;
			attributes = {
				LastSwiftMigration = 0700;
				LastSwiftUpdateCheck = 0700;
				LastUpgradeCheck = 0900;
				ORGANIZATIONNAME = Estamp;
				TargetAttributes = {
					F9401C9C1B807423003FFD42 = {
						CreatedOnToolsVersion = 6.4;
						DevelopmentTeam = KDY2FY8979;
						LastSwiftMigration = 0900;
					};
					F9401CB11B807423003FFD42 = {
						CreatedOnToolsVersion = 6.4;
						DevelopmentTeam = KDY2FY8979;
						LastSwiftMigration = 0900;
						TestTargetID = F9401C9C1B807423003FFD42;
					};
				};
			};
			buildConfigurationList = F9401C981B807423003FFD42 /* Build configuration list for PBXProject "GitHub" */;
			compatibilityVersion = "Xcode 3.2";
			developmentRegion = English;
			hasScannedForEncodings = 0;
			knownRegions = (
				en,
				Base,
			);
			mainGroup = F9401C941B807423003FFD42;
			productRefGroup = F9401C9E1B807423003FFD42 /* Products */;
			projectDirPath = "";
			projectRoot = "";
			targets = (
				F9401C9C1B807423003FFD42 /* GitHub iOS */,
				F9401CB11B807423003FFD42 /* GitHub UnitTests */,
			);
		};
/* End PBXProject section */

/* Begin PBXResourcesBuildPhase section */
		F9401C9B1B807423003FFD42 /* Resources */ = {
			isa = PBXResourcesBuildPhase;
			buildActionMask = 2147483647;
			files = (
				F9401CA81B807423003FFD42 /* Main.storyboard in Resources */,
				F9401CAD1B807423003FFD42 /* LaunchScreen.xib in Resources */,
				F9401CAA1B807423003FFD42 /* Assets.xcassets in Resources */,
			);
			runOnlyForDeploymentPostprocessing = 0;
		};
		F9401CB01B807423003FFD42 /* Resources */ = {
			isa = PBXResourcesBuildPhase;
			buildActionMask = 2147483647;
			files = (
			);
			runOnlyForDeploymentPostprocessing = 0;
		};
/* End PBXResourcesBuildPhase section */

/* Begin PBXSourcesBuildPhase section */
		F9401C991B807423003FFD42 /* Sources */ = {
			isa = PBXSourcesBuildPhase;
			buildActionMask = 2147483647;
			files = (
				F9E9790F1B8DA39B0083211E /* Commit.swift in Sources */,
				F92C2EA81B81C8B400846566 /* SearchViewController.swift in Sources */,
				F92C2EA41B819B0300846566 /* RepoViewController.swift in Sources */,
				F92C2EA01B81849100846566 /* UserInfoTableViewCell.swift in Sources */,
				F9A4CE9B1FA284C4000AAF5D /* Extensions+iOS.swift in Sources */,
				F9401CC71B8078F4003FFD42 /* User.swift in Sources */,
				F9FA94071B892AC200C598C8 /* BranchesViewController.swift in Sources */,
				F9B7FC571FA66DCE00CE4F37 /* Markdown.swift in Sources */,
				F9401CA51B807423003FFD42 /* ProfileViewController.swift in Sources */,
				F9FA94091B892DE300C598C8 /* Branch.swift in Sources */,
				F90C92A31B8100F7009669E6 /* Repo.swift in Sources */,
				F92C2EA61B81B9BD00846566 /* RepoTableViewCell.swift in Sources */,
				F9A4CE9D1FA51B11000AAF5D /* File.swift in Sources */,
				F9401CC41B80745F003FFD42 /* DataManager.swift in Sources */,
				F9DDA72D1B85ABE2003B3C66 /* HTTPManager.swift in Sources */,
				F94F3E451B8E1C3F005DA695 /* CommitsViewController.swift in Sources */,
				F9401CA31B807423003FFD42 /* AppDelegate.swift in Sources */,
				F92C2EA21B818E2D00846566 /* Extensions.swift in Sources */,
			);
			runOnlyForDeploymentPostprocessing = 0;
		};
		F9401CAE1B807423003FFD42 /* Sources */ = {
			isa = PBXSourcesBuildPhase;
			buildActionMask = 2147483647;
			files = (
				F9401CB91B807423003FFD42 /* URLs_Tests.swift in Sources */,
				F99B72181F9D5E77003A8DDF /* Extensions.swift in Sources */,
				F951A28D1F9D11AA007795D5 /* HTTPManager.swift in Sources */,
			);
			runOnlyForDeploymentPostprocessing = 0;
		};
/* End PBXSourcesBuildPhase section */

/* Begin PBXTargetDependency section */
		F9401CB41B807423003FFD42 /* PBXTargetDependency */ = {
			isa = PBXTargetDependency;
			target = F9401C9C1B807423003FFD42 /* GitHub iOS */;
			targetProxy = F9401CB31B807423003FFD42 /* PBXContainerItemProxy */;
		};
/* End PBXTargetDependency section */

/* Begin PBXVariantGroup section */
		F9401CA61B807423003FFD42 /* Main.storyboard */ = {
			isa = PBXVariantGroup;
			children = (
				F9401CA71B807423003FFD42 /* Base */,
			);
			name = Main.storyboard;
			sourceTree = "<group>";
		};
		F9401CAB1B807423003FFD42 /* LaunchScreen.xib */ = {
			isa = PBXVariantGroup;
			children = (
				F9401CAC1B807423003FFD42 /* Base */,
			);
			name = LaunchScreen.xib;
			sourceTree = "<group>";
		};
/* End PBXVariantGroup section */

/* Begin XCBuildConfiguration section */
		F9401CBA1B807423003FFD42 /* Debug */ = {
			isa = XCBuildConfiguration;
			buildSettings = {
				ALWAYS_SEARCH_USER_PATHS = NO;
				CLANG_CXX_LANGUAGE_STANDARD = "gnu++0x";
				CLANG_CXX_LIBRARY = "libc++";
				CLANG_ENABLE_MODULES = YES;
				CLANG_ENABLE_OBJC_ARC = YES;
				CLANG_WARN_BLOCK_CAPTURE_AUTORELEASING = YES;
				CLANG_WARN_BOOL_CONVERSION = YES;
				CLANG_WARN_COMMA = YES;
				CLANG_WARN_CONSTANT_CONVERSION = YES;
				CLANG_WARN_DIRECT_OBJC_ISA_USAGE = YES_ERROR;
				CLANG_WARN_EMPTY_BODY = YES;
				CLANG_WARN_ENUM_CONVERSION = YES;
				CLANG_WARN_INFINITE_RECURSION = YES;
				CLANG_WARN_INT_CONVERSION = YES;
				CLANG_WARN_NON_LITERAL_NULL_CONVERSION = YES;
				CLANG_WARN_OBJC_LITERAL_CONVERSION = YES;
				CLANG_WARN_OBJC_ROOT_CLASS = YES_ERROR;
				CLANG_WARN_RANGE_LOOP_ANALYSIS = YES;
				CLANG_WARN_STRICT_PROTOTYPES = YES;
				CLANG_WARN_SUSPICIOUS_MOVE = YES;
				CLANG_WARN_UNREACHABLE_CODE = YES;
				CLANG_WARN__DUPLICATE_METHOD_MATCH = YES;
				"CODE_SIGN_IDENTITY[sdk=iphoneos*]" = "iPhone Developer";
				COPY_PHASE_STRIP = NO;
				DEBUG_INFORMATION_FORMAT = "dwarf-with-dsym";
				ENABLE_STRICT_OBJC_MSGSEND = YES;
				ENABLE_TESTABILITY = YES;
				GCC_C_LANGUAGE_STANDARD = gnu99;
				GCC_DYNAMIC_NO_PIC = NO;
				GCC_NO_COMMON_BLOCKS = YES;
				GCC_OPTIMIZATION_LEVEL = 0;
				GCC_PREPROCESSOR_DEFINITIONS = (
					"DEBUG=1",
					"$(inherited)",
				);
				GCC_SYMBOLS_PRIVATE_EXTERN = NO;
				GCC_WARN_64_TO_32_BIT_CONVERSION = YES;
				GCC_WARN_ABOUT_RETURN_TYPE = YES_ERROR;
				GCC_WARN_UNDECLARED_SELECTOR = YES;
				GCC_WARN_UNINITIALIZED_AUTOS = YES_AGGRESSIVE;
				GCC_WARN_UNUSED_FUNCTION = YES;
				GCC_WARN_UNUSED_VARIABLE = YES;
				IPHONEOS_DEPLOYMENT_TARGET = 10.0;
				MTL_ENABLE_DEBUG_INFO = YES;
				ONLY_ACTIVE_ARCH = YES;
				SDKROOT = iphoneos;
				SWIFT_OPTIMIZATION_LEVEL = "-Onone";
				TARGETED_DEVICE_FAMILY = "1,2";
			};
			name = Debug;
		};
		F9401CBB1B807423003FFD42 /* Release */ = {
			isa = XCBuildConfiguration;
			buildSettings = {
				ALWAYS_SEARCH_USER_PATHS = NO;
				CLANG_CXX_LANGUAGE_STANDARD = "gnu++0x";
				CLANG_CXX_LIBRARY = "libc++";
				CLANG_ENABLE_MODULES = YES;
				CLANG_ENABLE_OBJC_ARC = YES;
				CLANG_WARN_BLOCK_CAPTURE_AUTORELEASING = YES;
				CLANG_WARN_BOOL_CONVERSION = YES;
				CLANG_WARN_COMMA = YES;
				CLANG_WARN_CONSTANT_CONVERSION = YES;
				CLANG_WARN_DIRECT_OBJC_ISA_USAGE = YES_ERROR;
				CLANG_WARN_EMPTY_BODY = YES;
				CLANG_WARN_ENUM_CONVERSION = YES;
				CLANG_WARN_INFINITE_RECURSION = YES;
				CLANG_WARN_INT_CONVERSION = YES;
				CLANG_WARN_NON_LITERAL_NULL_CONVERSION = YES;
				CLANG_WARN_OBJC_LITERAL_CONVERSION = YES;
				CLANG_WARN_OBJC_ROOT_CLASS = YES_ERROR;
				CLANG_WARN_RANGE_LOOP_ANALYSIS = YES;
				CLANG_WARN_STRICT_PROTOTYPES = YES;
				CLANG_WARN_SUSPICIOUS_MOVE = YES;
				CLANG_WARN_UNREACHABLE_CODE = YES;
				CLANG_WARN__DUPLICATE_METHOD_MATCH = YES;
				"CODE_SIGN_IDENTITY[sdk=iphoneos*]" = "iPhone Developer";
				COPY_PHASE_STRIP = NO;
				DEBUG_INFORMATION_FORMAT = "dwarf-with-dsym";
				ENABLE_NS_ASSERTIONS = NO;
				ENABLE_STRICT_OBJC_MSGSEND = YES;
				GCC_C_LANGUAGE_STANDARD = gnu99;
				GCC_NO_COMMON_BLOCKS = YES;
				GCC_WARN_64_TO_32_BIT_CONVERSION = YES;
				GCC_WARN_ABOUT_RETURN_TYPE = YES_ERROR;
				GCC_WARN_UNDECLARED_SELECTOR = YES;
				GCC_WARN_UNINITIALIZED_AUTOS = YES_AGGRESSIVE;
				GCC_WARN_UNUSED_FUNCTION = YES;
				GCC_WARN_UNUSED_VARIABLE = YES;
				IPHONEOS_DEPLOYMENT_TARGET = 10.0;
				MTL_ENABLE_DEBUG_INFO = NO;
				SDKROOT = iphoneos;
				SWIFT_OPTIMIZATION_LEVEL = "-Owholemodule";
				TARGETED_DEVICE_FAMILY = "1,2";
				VALIDATE_PRODUCT = YES;
			};
			name = Release;
		};
		F9401CBD1B807423003FFD42 /* Debug */ = {
			isa = XCBuildConfiguration;
			buildSettings = {
				ASSETCATALOG_COMPILER_APPICON_NAME = AppIcon;
				CODE_SIGN_IDENTITY = "iPhone Developer";
				"CODE_SIGN_IDENTITY[sdk=iphoneos*]" = "iPhone Developer";
				DEVELOPMENT_TEAM = KDY2FY8979;
				INFOPLIST_FILE = "$(SRCROOT)/iOS/Info.plist";
				LD_RUNPATH_SEARCH_PATHS = "$(inherited) @executable_path/Frameworks";
				PRODUCT_BUNDLE_IDENTIFIER = "com.estamp.$(PRODUCT_NAME:rfc1034identifier)";
				PRODUCT_NAME = "$(TARGET_NAME)";
				PROVISIONING_PROFILE = "";
				SWIFT_VERSION = 4.0;
			};
			name = Debug;
		};
		F9401CBE1B807423003FFD42 /* Release */ = {
			isa = XCBuildConfiguration;
			buildSettings = {
				ASSETCATALOG_COMPILER_APPICON_NAME = AppIcon;
				CODE_SIGN_IDENTITY = "iPhone Developer";
				"CODE_SIGN_IDENTITY[sdk=iphoneos*]" = "iPhone Developer";
				DEVELOPMENT_TEAM = KDY2FY8979;
				INFOPLIST_FILE = "$(SRCROOT)/iOS/Info.plist";
				LD_RUNPATH_SEARCH_PATHS = "$(inherited) @executable_path/Frameworks";
				PRODUCT_BUNDLE_IDENTIFIER = "com.estamp.$(PRODUCT_NAME:rfc1034identifier)";
				PRODUCT_NAME = "$(TARGET_NAME)";
				PROVISIONING_PROFILE = "";
				SWIFT_VERSION = 4.0;
			};
			name = Release;
		};
		F9401CC01B807423003FFD42 /* Debug */ = {
			isa = XCBuildConfiguration;
			buildSettings = {
				BUNDLE_LOADER = "$(TEST_HOST)";
				DEVELOPMENT_TEAM = KDY2FY8979;
				GCC_PREPROCESSOR_DEFINITIONS = (
					"DEBUG=1",
					"$(inherited)",
				);
				INFOPLIST_FILE = UnitTests/Info.plist;
				PRODUCT_BUNDLE_IDENTIFIER = "com.estamp.$(PRODUCT_NAME:rfc1034identifier)";
				PRODUCT_NAME = "$(TARGET_NAME)";
				SWIFT_VERSION = 4.0;
				TEST_HOST = "$(BUILT_PRODUCTS_DIR)/GitHub iOS.app/GitHub iOS";
			};
			name = Debug;
		};
		F9401CC11B807423003FFD42 /* Release */ = {
			isa = XCBuildConfiguration;
			buildSettings = {
				BUNDLE_LOADER = "$(TEST_HOST)";
				DEVELOPMENT_TEAM = KDY2FY8979;
				INFOPLIST_FILE = UnitTests/Info.plist;
				PRODUCT_BUNDLE_IDENTIFIER = "com.estamp.$(PRODUCT_NAME:rfc1034identifier)";
				PRODUCT_NAME = "$(TARGET_NAME)";
				SWIFT_VERSION = 4.0;
				TEST_HOST = "$(BUILT_PRODUCTS_DIR)/GitHub iOS.app/GitHub iOS";
			};
			name = Release;
		};
/* End XCBuildConfiguration section */

/* Begin XCConfigurationList section */
		F9401C981B807423003FFD42 /* Build configuration list for PBXProject "GitHub" */ = {
			isa = XCConfigurationList;
			buildConfigurations = (
				F9401CBA1B807423003FFD42 /* Debug */,
				F9401CBB1B807423003FFD42 /* Release */,
			);
			defaultConfigurationIsVisible = 0;
			defaultConfigurationName = Release;
		};
		F9401CBC1B807423003FFD42 /* Build configuration list for PBXNativeTarget "GitHub iOS" */ = {
			isa = XCConfigurationList;
			buildConfigurations = (
				F9401CBD1B807423003FFD42 /* Debug */,
				F9401CBE1B807423003FFD42 /* Release */,
			);
			defaultConfigurationIsVisible = 0;
			defaultConfigurationName = Release;
		};
		F9401CBF1B807423003FFD42 /* Build configuration list for PBXNativeTarget "GitHub UnitTests" */ = {
			isa = XCConfigurationList;
			buildConfigurations = (
				F9401CC01B807423003FFD42 /* Debug */,
				F9401CC11B807423003FFD42 /* Release */,
			);
			defaultConfigurationIsVisible = 0;
			defaultConfigurationName = Release;
		};
/* End XCConfigurationList section */
	};
	rootObject = F9401C951B807423003FFD42 /* Project object */;
}
